
Microsoft Visual Studio Solution File, Format Version 12.00
# Visual Studio Version 16
VisualStudioVersion = 16.0.29306.81
MinimumVisualStudioVersion = 10.0.40219.1
Project("{FAE04EC0-301F-11D3-BF4B-00C04F79EFBC}") = "AllAssignmentsHub", "AllAssignmentsHub\AllAssignmentsHub.csproj", "{FF78D37C-71BD-48A6-B983-B1EE9DDDB364}"
EndProject
Global
	GlobalSection(SolutionConfigurationPlatforms) = preSolution
		Debug|Any CPU = Debug|Any CPU
		Release|Any CPU = Release|Any CPU
	EndGlobalSection
	GlobalSection(ProjectConfigurationPlatforms) = postSolution
		{FF78D37C-71BD-48A6-B983-B1EE9DDDB364}.Debug|Any CPU.ActiveCfg = Debug|Any CPU
		{FF78D37C-71BD-48A6-B983-B1EE9DDDB364}.Debug|Any CPU.Build.0 = Debug|Any CPU
		{FF78D37C-71BD-48A6-B983-B1EE9DDDB364}.Release|Any CPU.ActiveCfg = Release|Any CPU
		{FF78D37C-71BD-48A6-B983-B1EE9DDDB364}.Release|Any CPU.Build.0 = Release|Any CPU
	EndGlobalSection
	GlobalSection(SolutionProperties) = preSolution
		HideSolutionNode = FALSE
	EndGlobalSection
	GlobalSection(ExtensibilityGlobals) = postSolution
		SolutionGuid = {74AE0E22-BB39-4700-B813-9D07A3FDB45C}
	EndGlobalSection
EndGlobal
